
Microsoft Visual Studio Solution File, Format Version 12.00
# Visual Studio Version 16
VisualStudioVersion = 16.0.30114.105
MinimumVisualStudioVersion = 10.0.40219.1
Project("{FAE04EC0-301F-11D3-BF4B-00C04F79EFBC}") = "lifetest", "lifeTest\lifetest.csproj", "{BBEB9B9E-394F-4533-A480-917786D4201A}"
EndProject
Project("{FAE04EC0-301F-11D3-BF4B-00C04F79EFBC}") = "life", "life\life.csproj", "{72966A85-E3A9-4ED1-80E4-25FB92C331CA}"
EndProject
Global
	GlobalSection(SolutionConfigurationPlatforms) = preSolution
		Debug|Any CPU = Debug|Any CPU
		Release|Any CPU = Release|Any CPU
	EndGlobalSection
	GlobalSection(SolutionProperties) = preSolution
		HideSolutionNode = FALSE
	EndGlobalSection
	GlobalSection(ProjectConfigurationPlatforms) = postSolution
		{BBEB9B9E-394F-4533-A480-917786D4201A}.Debug|Any CPU.ActiveCfg = Debug|Any CPU
		{BBEB9B9E-394F-4533-A480-917786D4201A}.Debug|Any CPU.Build.0 = Debug|Any CPU
		{BBEB9B9E-394F-4533-A480-917786D4201A}.Release|Any CPU.ActiveCfg = Release|Any CPU
		{BBEB9B9E-394F-4533-A480-917786D4201A}.Release|Any CPU.Build.0 = Release|Any CPU
		{72966A85-E3A9-4ED1-80E4-25FB92C331CA}.Debug|Any CPU.ActiveCfg = Debug|Any CPU
		{72966A85-E3A9-4ED1-80E4-25FB92C331CA}.Debug|Any CPU.Build.0 = Debug|Any CPU
		{72966A85-E3A9-4ED1-80E4-25FB92C331CA}.Release|Any CPU.ActiveCfg = Release|Any CPU
		{72966A85-E3A9-4ED1-80E4-25FB92C331CA}.Release|Any CPU.Build.0 = Release|Any CPU
	EndGlobalSection
EndGlobal
